
Microsoft Visual Studio Solution File, Format Version 12.00
# Visual Studio 15
VisualStudioVersion = 15.0.26430.14
MinimumVisualStudioVersion = 10.0.40219.1
Project("{FAE04EC0-301F-11D3-BF4B-00C04F79EFBC}") = "Hdq.RestBus.Core", "Hdq.RestBus.Core\Hdq.RestBus.Core.csproj", "{9DA4DEEE-3F6C-42F2-AA62-FCC44D14EC43}"
EndProject
Global
	GlobalSection(SolutionConfigurationPlatforms) = preSolution
		Debug|Any CPU = Debug|Any CPU
		Release|Any CPU = Release|Any CPU
	EndGlobalSection
	GlobalSection(ProjectConfigurationPlatforms) = postSolution
		{9DA4DEEE-3F6C-42F2-AA62-FCC44D14EC43}.Debug|Any CPU.ActiveCfg = Debug|Any CPU
		{9DA4DEEE-3F6C-42F2-AA62-FCC44D14EC43}.Debug|Any CPU.Build.0 = Debug|Any CPU
		{9DA4DEEE-3F6C-42F2-AA62-FCC44D14EC43}.Release|Any CPU.ActiveCfg = Release|Any CPU
		{9DA4DEEE-3F6C-42F2-AA62-FCC44D14EC43}.Release|Any CPU.Build.0 = Release|Any CPU
	EndGlobalSection
	GlobalSection(SolutionProperties) = preSolution
		HideSolutionNode = FALSE
	EndGlobalSection
EndGlobal
